
Microsoft Visual Studio Solution File, Format Version 12.00
# Visual Studio Version 17
VisualStudioVersion = 17.5.33502.453
MinimumVisualStudioVersion = 10.0.40219.1
Project("{9A19103F-16F7-4668-BE54-9A1E7A4F7556}") = "suivi-des-drone.Core.Application", "suivi-des-drone.Core.Application\suivi-des-drone.Core.Application.csproj", "{F5480D6B-ACEF-41AD-86C2-31259E042A0B}"
EndProject
Project("{9A19103F-16F7-4668-BE54-9A1E7A4F7556}") = "suivi-des-drones.Core.Infrastructure", "suivi-des-drones.Core.Infrastructure\suivi-des-drones.Core.Infrastructure.csproj", "{487DFFC7-EA5C-4F06-877B-27A4CA65A4F2}"
EndProject
Project("{9A19103F-16F7-4668-BE54-9A1E7A4F7556}") = "suivi-des-drones.Core.Interfaces", "suivi-des-drones.Core.Interfaces\suivi-des-drones.Core.Interfaces.csproj", "{7D2963EA-FD19-431D-A962-E01F3D959C80}"
EndProject
Project("{9A19103F-16F7-4668-BE54-9A1E7A4F7556}") = "suivi-des-drones.Core.Models", "suivi-des-drones.Core.Models\suivi-des-drones.Core.Models.csproj", "{69CBAE03-B236-4FD2-9D8A-5BAE7E5BA9C6}"
EndProject
Project("{9A19103F-16F7-4668-BE54-9A1E7A4F7556}") = "suivi-des-drones.web.UI", "suivi-des-drones.web.UI\suivi-des-drones.web.UI.csproj", "{773CCCD7-C7E6-44BC-8373-955A6948A581}"
EndProject
Project("{2150E333-8FDC-42A3-9474-1A3956D46DE8}") = "Libs", "Libs", "{97181063-5CD2-4C45-9B8F-B7683FEEB024}"
EndProject
Project("{2150E333-8FDC-42A3-9474-1A3956D46DE8}") = "Tools", "Tools", "{7030687F-33A5-469A-AEE4-807EE617D14E}"
EndProject
Project("{FAE04EC0-301F-11D3-BF4B-00C04F79EFBC}") = "suivi-des-drones.Core.Infrastructure.Web", "suivi-des-drones.Core.Infrastructure.Web\suivi-des-drones.Core.Infrastructure.Web.csproj", "{216B68C7-80B0-413C-B28B-812C97C03CF9}"
EndProject
Global
	GlobalSection(SolutionConfigurationPlatforms) = preSolution
		Debug|Any CPU = Debug|Any CPU
		Release|Any CPU = Release|Any CPU
	EndGlobalSection
	GlobalSection(ProjectConfigurationPlatforms) = postSolution
		{F5480D6B-ACEF-41AD-86C2-31259E042A0B}.Debug|Any CPU.ActiveCfg = Debug|Any CPU
		{F5480D6B-ACEF-41AD-86C2-31259E042A0B}.Debug|Any CPU.Build.0 = Debug|Any CPU
		{F5480D6B-ACEF-41AD-86C2-31259E042A0B}.Release|Any CPU.ActiveCfg = Release|Any CPU
		{F5480D6B-ACEF-41AD-86C2-31259E042A0B}.Release|Any CPU.Build.0 = Release|Any CPU
		{487DFFC7-EA5C-4F06-877B-27A4CA65A4F2}.Debug|Any CPU.ActiveCfg = Debug|Any CPU
		{487DFFC7-EA5C-4F06-877B-27A4CA65A4F2}.Debug|Any CPU.Build.0 = Debug|Any CPU
		{487DFFC7-EA5C-4F06-877B-27A4CA65A4F2}.Release|Any CPU.ActiveCfg = Release|Any CPU
		{487DFFC7-EA5C-4F06-877B-27A4CA65A4F2}.Release|Any CPU.Build.0 = Release|Any CPU
		{7D2963EA-FD19-431D-A962-E01F3D959C80}.Debug|Any CPU.ActiveCfg = Debug|Any CPU
		{7D2963EA-FD19-431D-A962-E01F3D959C80}.Debug|Any CPU.Build.0 = Debug|Any CPU
		{7D2963EA-FD19-431D-A962-E01F3D959C80}.Release|Any CPU.ActiveCfg = Release|Any CPU
		{7D2963EA-FD19-431D-A962-E01F3D959C80}.Release|Any CPU.Build.0 = Release|Any CPU
		{69CBAE03-B236-4FD2-9D8A-5BAE7E5BA9C6}.Debug|Any CPU.ActiveCfg = Debug|Any CPU
		{69CBAE03-B236-4FD2-9D8A-5BAE7E5BA9C6}.Debug|Any CPU.Build.0 = Debug|Any CPU
		{69CBAE03-B236-4FD2-9D8A-5BAE7E5BA9C6}.Release|Any CPU.ActiveCfg = Release|Any CPU
		{69CBAE03-B236-4FD2-9D8A-5BAE7E5BA9C6}.Release|Any CPU.Build.0 = Release|Any CPU
		{773CCCD7-C7E6-44BC-8373-955A6948A581}.Debug|Any CPU.ActiveCfg = Debug|Any CPU
		{773CCCD7-C7E6-44BC-8373-955A6948A581}.Debug|Any CPU.Build.0 = Debug|Any CPU
		{773CCCD7-C7E6-44BC-8373-955A6948A581}.Release|Any CPU.ActiveCfg = Release|Any CPU
		{773CCCD7-C7E6-44BC-8373-955A6948A581}.Release|Any CPU.Build.0 = Release|Any CPU
		{216B68C7-80B0-413C-B28B-812C97C03CF9}.Debug|Any CPU.ActiveCfg = Debug|Any CPU
		{216B68C7-80B0-413C-B28B-812C97C03CF9}.Debug|Any CPU.Build.0 = Debug|Any CPU
		{216B68C7-80B0-413C-B28B-812C97C03CF9}.Release|Any CPU.ActiveCfg = Release|Any CPU
		{216B68C7-80B0-413C-B28B-812C97C03CF9}.Release|Any CPU.Build.0 = Release|Any CPU
	EndGlobalSection
	GlobalSection(SolutionProperties) = preSolution
		HideSolutionNode = FALSE
	EndGlobalSection
	GlobalSection(NestedProjects) = preSolution
		{F5480D6B-ACEF-41AD-86C2-31259E042A0B} = {97181063-5CD2-4C45-9B8F-B7683FEEB024}
		{487DFFC7-EA5C-4F06-877B-27A4CA65A4F2} = {97181063-5CD2-4C45-9B8F-B7683FEEB024}
		{7D2963EA-FD19-431D-A962-E01F3D959C80} = {97181063-5CD2-4C45-9B8F-B7683FEEB024}
		{216B68C7-80B0-413C-B28B-812C97C03CF9} = {97181063-5CD2-4C45-9B8F-B7683FEEB024}
	EndGlobalSection
	GlobalSection(ExtensibilityGlobals) = postSolution
		SolutionGuid = {ABE083AE-C4BD-4C32-B861-3D0DBF912862}
	EndGlobalSection
EndGlobal
